{
  "name": "semantic-scroll",
  "lockfileVersion": 3,
  "requires": true,
  "packages": {
    "": {
      "name": "semantic-scroll",
      "dependencies": {
        "scribere": "git+https://github.com/jhlagado/scribere.git"
      }
    },
    "node_modules/scribere": {
      "resolved": "git+ssh://git@github.com/jhlagado/scribere.git#3e4cfb1924bb5634c0d5b9ecbbda9f0c3080cc23"
    }
  }
}
